
Microsoft Visual Studio Solution File, Format Version 12.00
# Visual Studio Version 17
VisualStudioVersion = 17.0.31903.59
MinimumVisualStudioVersion = 10.0.40219.1
Project("{2150E333-8FDC-42A3-9474-1A3956D46DE8}") = "src", "src", "{827E0CD3-B72D-47B6-A68D-7590B98EB39B}"
EndProject
Project("{FAE04EC0-301F-11D3-BF4B-00C04F79EFBC}") = "ECommerce.API", "src\ECommerce.API\ECommerce.API.csproj", "{E64C6435-72C0-49E7-9BA3-AD13EB70D876}"
EndProject
Project("{FAE04EC0-301F-11D3-BF4B-00C04F79EFBC}") = "ECommerce.Business", "src\ECommerce.Business\ECommerce.Business.csproj", "{B692CB31-AE52-4496-B1B7-5A41786528C4}"
EndProject
Project("{FAE04EC0-301F-11D3-BF4B-00C04F79EFBC}") = "ECommerce.Core", "src\ECommerce.Core\ECommerce.Core.csproj", "{AB4CC95F-46AC-4803-9D88-8FB185347026}"
EndProject
Project("{FAE04EC0-301F-11D3-BF4B-00C04F79EFBC}") = "ECommerce.Data", "src\ECommerce.Data\ECommerce.Data.csproj", "{05347EF8-54FA-4A23-86A0-F0CDC876AA16}"
EndProject
Project("{FAE04EC0-301F-11D3-BF4B-00C04F79EFBC}") = "ECommerce.Entities", "src\ECommerce.Entities\ECommerce.Entities.csproj", "{BF97F939-480D-4E9F-98EB-5BCD56EBAD05}"
EndProject
Project("{FAE04EC0-301F-11D3-BF4B-00C04F79EFBC}") = "ECommerce.Infrastructure", "src\ECommerce.Infrastructure\ECommerce.Infrastructure.csproj", "{19DFEE39-D12E-4B0A-9BBC-A9087273E187}"
EndProject
Project("{FAE04EC0-301F-11D3-BF4B-00C04F79EFBC}") = "ECommerce.Tests", "src\ECommerce.Tests\ECommerce.Tests.csproj", "{47C0599A-51BB-4DC4-8847-76548E4306C5}"
EndProject
Global
	GlobalSection(SolutionConfigurationPlatforms) = preSolution
		Debug|Any CPU = Debug|Any CPU
		Debug|x64 = Debug|x64
		Debug|x86 = Debug|x86
		Release|Any CPU = Release|Any CPU
		Release|x64 = Release|x64
		Release|x86 = Release|x86
	EndGlobalSection
	GlobalSection(ProjectConfigurationPlatforms) = postSolution
		{E64C6435-72C0-49E7-9BA3-AD13EB70D876}.Debug|Any CPU.ActiveCfg = Debug|Any CPU
		{E64C6435-72C0-49E7-9BA3-AD13EB70D876}.Debug|Any CPU.Build.0 = Debug|Any CPU
		{E64C6435-72C0-49E7-9BA3-AD13EB70D876}.Debug|x64.ActiveCfg = Debug|Any CPU
		{E64C6435-72C0-49E7-9BA3-AD13EB70D876}.Debug|x64.Build.0 = Debug|Any CPU
		{E64C6435-72C0-49E7-9BA3-AD13EB70D876}.Debug|x86.ActiveCfg = Debug|Any CPU
		{E64C6435-72C0-49E7-9BA3-AD13EB70D876}.Debug|x86.Build.0 = Debug|Any CPU
		{E64C6435-72C0-49E7-9BA3-AD13EB70D876}.Release|Any CPU.ActiveCfg = Release|Any CPU
		{E64C6435-72C0-49E7-9BA3-AD13EB70D876}.Release|Any CPU.Build.0 = Release|Any CPU
		{E64C6435-72C0-49E7-9BA3-AD13EB70D876}.Release|x64.ActiveCfg = Release|Any CPU
		{E64C6435-72C0-49E7-9BA3-AD13EB70D876}.Release|x64.Build.0 = Release|Any CPU
		{E64C6435-72C0-49E7-9BA3-AD13EB70D876}.Release|x86.ActiveCfg = Release|Any CPU
		{E64C6435-72C0-49E7-9BA3-AD13EB70D876}.Release|x86.Build.0 = Release|Any CPU
		{B692CB31-AE52-4496-B1B7-5A41786528C4}.Debug|Any CPU.ActiveCfg = Debug|Any CPU
		{B692CB31-AE52-4496-B1B7-5A41786528C4}.Debug|Any CPU.Build.0 = Debug|Any CPU
		{B692CB31-AE52-4496-B1B7-5A41786528C4}.Debug|x64.ActiveCfg = Debug|Any CPU
		{B692CB31-AE52-4496-B1B7-5A41786528C4}.Debug|x64.Build.0 = Debug|Any CPU
		{B692CB31-AE52-4496-B1B7-5A41786528C4}.Debug|x86.ActiveCfg = Debug|Any CPU
		{B692CB31-AE52-4496-B1B7-5A41786528C4}.Debug|x86.Build.0 = Debug|Any CPU
		{B692CB31-AE52-4496-B1B7-5A41786528C4}.Release|Any CPU.ActiveCfg = Release|Any CPU
		{B692CB31-AE52-4496-B1B7-5A41786528C4}.Release|Any CPU.Build.0 = Release|Any CPU
		{B692CB31-AE52-4496-B1B7-5A41786528C4}.Release|x64.ActiveCfg = Release|Any CPU
		{B692CB31-AE52-4496-B1B7-5A41786528C4}.Release|x64.Build.0 = Release|Any CPU
		{B692CB31-AE52-4496-B1B7-5A41786528C4}.Release|x86.ActiveCfg = Release|Any CPU
		{B692CB31-AE52-4496-B1B7-5A41786528C4}.Release|x86.Build.0 = Release|Any CPU
		{AB4CC95F-46AC-4803-9D88-8FB185347026}.Debug|Any CPU.ActiveCfg = Debug|Any CPU
		{AB4CC95F-46AC-4803-9D88-8FB185347026}.Debug|Any CPU.Build.0 = Debug|Any CPU
		{AB4CC95F-46AC-4803-9D88-8FB185347026}.Debug|x64.ActiveCfg = Debug|Any CPU
		{AB4CC95F-46AC-4803-9D88-8FB185347026}.Debug|x64.Build.0 = Debug|Any CPU
		{AB4CC95F-46AC-4803-9D88-8FB185347026}.Debug|x86.ActiveCfg = Debug|Any CPU
		{AB4CC95F-46AC-4803-9D88-8FB185347026}.Debug|x86.Build.0 = Debug|Any CPU
		{AB4CC95F-46AC-4803-9D88-8FB185347026}.Release|Any CPU.ActiveCfg = Release|Any CPU
		{AB4CC95F-46AC-4803-9D88-8FB185347026}.Release|Any CPU.Build.0 = Release|Any CPU
		{AB4CC95F-46AC-4803-9D88-8FB185347026}.Release|x64.ActiveCfg = Release|Any CPU
		{AB4CC95F-46AC-4803-9D88-8FB185347026}.Release|x64.Build.0 = Release|Any CPU
		{AB4CC95F-46AC-4803-9D88-8FB185347026}.Release|x86.ActiveCfg = Release|Any CPU
		{AB4CC95F-46AC-4803-9D88-8FB185347026}.Release|x86.Build.0 = Release|Any CPU
		{05347EF8-54FA-4A23-86A0-F0CDC876AA16}.Debug|Any CPU.ActiveCfg = Debug|Any CPU
		{05347EF8-54FA-4A23-86A0-F0CDC876AA16}.Debug|Any CPU.Build.0 = Debug|Any CPU
		{05347EF8-54FA-4A23-86A0-F0CDC876AA16}.Debug|x64.ActiveCfg = Debug|Any CPU
		{05347EF8-54FA-4A23-86A0-F0CDC876AA16}.Debug|x64.Build.0 = Debug|Any CPU
		{05347EF8-54FA-4A23-86A0-F0CDC876AA16}.Debug|x86.ActiveCfg = Debug|Any CPU
		{05347EF8-54FA-4A23-86A0-F0CDC876AA16}.Debug|x86.Build.0 = Debug|Any CPU
		{05347EF8-54FA-4A23-86A0-F0CDC876AA16}.Release|Any CPU.ActiveCfg = Release|Any CPU
		{05347EF8-54FA-4A23-86A0-F0CDC876AA16}.Release|Any CPU.Build.0 = Release|Any CPU
		{05347EF8-54FA-4A23-86A0-F0CDC876AA16}.Release|x64.ActiveCfg = Release|Any CPU
		{05347EF8-54FA-4A23-86A0-F0CDC876AA16}.Release|x64.Build.0 = Release|Any CPU
		{05347EF8-54FA-4A23-86A0-F0CDC876AA16}.Release|x86.ActiveCfg = Release|Any CPU
		{05347EF8-54FA-4A23-86A0-F0CDC876AA16}.Release|x86.Build.0 = Release|Any CPU
		{BF97F939-480D-4E9F-98EB-5BCD56EBAD05}.Debug|Any CPU.ActiveCfg = Debug|Any CPU
		{BF97F939-480D-4E9F-98EB-5BCD56EBAD05}.Debug|Any CPU.Build.0 = Debug|Any CPU
		{BF97F939-480D-4E9F-98EB-5BCD56EBAD05}.Debug|x64.ActiveCfg = Debug|Any CPU
		{BF97F939-480D-4E9F-98EB-5BCD56EBAD05}.Debug|x64.Build.0 = Debug|Any CPU
		{BF97F939-480D-4E9F-98EB-5BCD56EBAD05}.Debug|x86.ActiveCfg = Debug|Any CPU
		{BF97F939-480D-4E9F-98EB-5BCD56EBAD05}.Debug|x86.Build.0 = Debug|Any CPU
		{BF97F939-480D-4E9F-98EB-5BCD56EBAD05}.Release|Any CPU.ActiveCfg = Release|Any CPU
		{BF97F939-480D-4E9F-98EB-5BCD56EBAD05}.Release|Any CPU.Build.0 = Release|Any CPU
		{BF97F939-480D-4E9F-98EB-5BCD56EBAD05}.Release|x64.ActiveCfg = Release|Any CPU
		{BF97F939-480D-4E9F-98EB-5BCD56EBAD05}.Release|x64.Build.0 = Release|Any CPU
		{BF97F939-480D-4E9F-98EB-5BCD56EBAD05}.Release|x86.ActiveCfg = Release|Any CPU
		{BF97F939-480D-4E9F-98EB-5BCD56EBAD05}.Release|x86.Build.0 = Release|Any CPU
		{19DFEE39-D12E-4B0A-9BBC-A9087273E187}.Debug|Any CPU.ActiveCfg = Debug|Any CPU
		{19DFEE39-D12E-4B0A-9BBC-A9087273E187}.Debug|Any CPU.Build.0 = Debug|Any CPU
		{19DFEE39-D12E-4B0A-9BBC-A9087273E187}.Debug|x64.ActiveCfg = Debug|Any CPU
		{19DFEE39-D12E-4B0A-9BBC-A9087273E187}.Debug|x64.Build.0 = Debug|Any CPU
		{19DFEE39-D12E-4B0A-9BBC-A9087273E187}.Debug|x86.ActiveCfg = Debug|Any CPU
		{19DFEE39-D12E-4B0A-9BBC-A9087273E187}.Debug|x86.Build.0 = Debug|Any CPU
		{19DFEE39-D12E-4B0A-9BBC-A9087273E187}.Release|Any CPU.ActiveCfg = Release|Any CPU
		{19DFEE39-D12E-4B0A-9BBC-A9087273E187}.Release|Any CPU.Build.0 = Release|Any CPU
		{19DFEE39-D12E-4B0A-9BBC-A9087273E187}.Release|x64.ActiveCfg = Release|Any CPU
		{19DFEE39-D12E-4B0A-9BBC-A9087273E187}.Release|x64.Build.0 = Release|Any CPU
		{19DFEE39-D12E-4B0A-9BBC-A9087273E187}.Release|x86.ActiveCfg = Release|Any CPU
		{19DFEE39-D12E-4B0A-9BBC-A9087273E187}.Release|x86.Build.0 = Release|Any CPU
		{47C0599A-51BB-4DC4-8847-76548E4306C5}.Debug|Any CPU.ActiveCfg = Debug|Any CPU
		{47C0599A-51BB-4DC4-8847-76548E4306C5}.Debug|Any CPU.Build.0 = Debug|Any CPU
		{47C0599A-51BB-4DC4-8847-76548E4306C5}.Debug|x64.ActiveCfg = Debug|Any CPU
		{47C0599A-51BB-4DC4-8847-76548E4306C5}.Debug|x64.Build.0 = Debug|Any CPU
		{47C0599A-51BB-4DC4-8847-76548E4306C5}.Debug|x86.ActiveCfg = Debug|Any CPU
		{47C0599A-51BB-4DC4-8847-76548E4306C5}.Debug|x86.Build.0 = Debug|Any CPU
		{47C0599A-51BB-4DC4-8847-76548E4306C5}.Release|Any CPU.ActiveCfg = Release|Any CPU
		{47C0599A-51BB-4DC4-8847-76548E4306C5}.Release|Any CPU.Build.0 = Release|Any CPU
		{47C0599A-51BB-4DC4-8847-76548E4306C5}.Release|x64.ActiveCfg = Release|Any CPU
		{47C0599A-51BB-4DC4-8847-76548E4306C5}.Release|x64.Build.0 = Release|Any CPU
		{47C0599A-51BB-4DC4-8847-76548E4306C5}.Release|x86.ActiveCfg = Release|Any CPU
		{47C0599A-51BB-4DC4-8847-76548E4306C5}.Release|x86.Build.0 = Release|Any CPU
	EndGlobalSection
	GlobalSection(SolutionProperties) = preSolution
		HideSolutionNode = FALSE
	EndGlobalSection
	GlobalSection(NestedProjects) = preSolution
		{E64C6435-72C0-49E7-9BA3-AD13EB70D876} = {827E0CD3-B72D-47B6-A68D-7590B98EB39B}
		{B692CB31-AE52-4496-B1B7-5A41786528C4} = {827E0CD3-B72D-47B6-A68D-7590B98EB39B}
		{AB4CC95F-46AC-4803-9D88-8FB185347026} = {827E0CD3-B72D-47B6-A68D-7590B98EB39B}
		{05347EF8-54FA-4A23-86A0-F0CDC876AA16} = {827E0CD3-B72D-47B6-A68D-7590B98EB39B}
		{BF97F939-480D-4E9F-98EB-5BCD56EBAD05} = {827E0CD3-B72D-47B6-A68D-7590B98EB39B}
		{19DFEE39-D12E-4B0A-9BBC-A9087273E187} = {827E0CD3-B72D-47B6-A68D-7590B98EB39B}
		{47C0599A-51BB-4DC4-8847-76548E4306C5} = {827E0CD3-B72D-47B6-A68D-7590B98EB39B}
	EndGlobalSection
EndGlobal
