Microsoft Visual Studio Solution File, Format Version 12.00
# Visual Studio Version 17
VisualStudioVersion = 17.0.31903.59
MinimumVisualStudioVersion = 10.0.40219.1
Project("{2150E333-8FDC-42A3-9474-1A3956D46DE8}") = "src", "src", "{827E0CD3-B72D-47B6-A68D-7590B98EB39B}"
EndProject
Project("{2150E333-8FDC-42A3-9474-1A3956D46DE8}") = "ECommerce.API", "ECommerce.API", "{9BAC896B-1914-1BD6-4FE9-707DB9DDC2A3}"
EndProject
Project("{FAE04EC0-301F-11D3-BF4B-00C04F79EFBC}") = "ECommerce.API", "src/ECommerce.API/ECommerce.API.csproj", "{4C14F974-9858-4B9C-A3C1-D6E010D193C5}"
EndProject
Project("{2150E333-8FDC-42A3-9474-1A3956D46DE8}") = "ECommerce.Business", "ECommerce.Business", "{3654CC6F-5D46-AE39-5C89-C48BC15E25D9}"
EndProject
Project("{FAE04EC0-301F-11D3-BF4B-00C04F79EFBC}") = "ECommerce.Business", "src/ECommerce.Business/ECommerce.Business.csproj", "{14B5FEA5-F19F-46E1-AFBB-CF1F3710A63B}"
EndProject
Project("{2150E333-8FDC-42A3-9474-1A3956D46DE8}") = "ECommerce.Data", "ECommerce.Data", "{08D70ACC-4977-09C9-7E98-C676F65A3327}"
EndProject
Project("{FAE04EC0-301F-11D3-BF4B-00C04F79EFBC}") = "ECommerce.Data", "src/ECommerce.Data/ECommerce.Data.csproj", "{8B246A7D-9AFB-461C-B90C-4EEDFDCC4F11}"
EndProject
Project("{2150E333-8FDC-42A3-9474-1A3956D46DE8}") = "ECommerce.Entities", "ECommerce.Entities", "{CAE6911E-A85C-6541-4557-679751273D25}"
EndProject
Project("{FAE04EC0-301F-11D3-BF4B-00C04F79EFBC}") = "ECommerce.Entities", "src/ECommerce.Entities/ECommerce.Entities.csproj", "{84F694F6-DE45-44BF-A5BF-1476827E22C1}"
EndProject
Project("{2150E333-8FDC-42A3-9474-1A3956D46DE8}") = "ECommerce.Core", "ECommerce.Core", "{B321E486-10DB-37B5-3469-1E01E6DE360C}"
EndProject
Project("{FAE04EC0-301F-11D3-BF4B-00C04F79EFBC}") = "ECommerce.Core", "src/ECommerce.Core/ECommerce.Core.csproj", "{94F70A01-A083-45D2-9F26-BBDC8DB809DD}"
EndProject
Project("{2150E333-8FDC-42A3-9474-1A3956D46DE8}") = "ECommerce.Infrastructure", "ECommerce.Infrastructure", "{A2B22F5C-D343-0477-15D6-9E52EE59253F}"
EndProject
Project("{FAE04EC0-301F-11D3-BF4B-00C04F79EFBC}") = "ECommerce.Infrastructure", "src/ECommerce.Infrastructure/ECommerce.Infrastructure.csproj", "{FDF08A5F-A800-451E-839D-9F87F80B708A}"
EndProject
Global
	GlobalSection(SolutionConfigurationPlatforms) = preSolution
		Debug|Any CPU = Debug|Any CPU
		Debug|x64 = Debug|x64
		Debug|x86 = Debug|x86
		Release|Any CPU = Release|Any CPU
		Release|x64 = Release|x64
		Release|x86 = Release|x86
	EndGlobalSection
	GlobalSection(ProjectConfigurationPlatforms) = postSolution
		{4C14F974-9858-4B9C-A3C1-D6E010D193C5}.Debug|Any CPU.ActiveCfg = Debug|Any CPU
		{4C14F974-9858-4B9C-A3C1-D6E010D193C5}.Debug|Any CPU.Build.0 = Debug|Any CPU
		{4C14F974-9858-4B9C-A3C1-D6E010D193C5}.Release|Any CPU.ActiveCfg = Release|Any CPU
		{4C14F974-9858-4B9C-A3C1-D6E010D193C5}.Release|Any CPU.Build.0 = Release|Any CPU
		{14B5FEA5-F19F-46E1-AFBB-CF1F3710A63B}.Debug|Any CPU.ActiveCfg = Debug|Any CPU
		{14B5FEA5-F19F-46E1-AFBB-CF1F3710A63B}.Debug|Any CPU.Build.0 = Debug|Any CPU
		{14B5FEA5-F19F-46E1-AFBB-CF1F3710A63B}.Release|Any CPU.ActiveCfg = Release|Any CPU
		{14B5FEA5-F19F-46E1-AFBB-CF1F3710A63B}.Release|Any CPU.Build.0 = Release|Any CPU
		{8B246A7D-9AFB-461C-B90C-4EEDFDCC4F11}.Debug|Any CPU.ActiveCfg = Debug|Any CPU
		{8B246A7D-9AFB-461C-B90C-4EEDFDCC4F11}.Release|Any CPU.ActiveCfg = Release|Any CPU
		{8B246A7D-9AFB-461C-B90C-4EEDFDCC4F11}.Release|Any CPU.Build.0 = Release|Any CPU
		{84F694F6-DE45-44BF-A5BF-1476827E22C1}.Debug|Any CPU.ActiveCfg = Debug|Any CPU
		{84F694F6-DE45-44BF-A5BF-1476827E22C1}.Release|Any CPU.ActiveCfg = Release|Any CPU
		{84F694F6-DE45-44BF-A5BF-1476827E22C1}.Release|Any CPU.Build.0 = Release|Any CPU
		{94F70A01-A083-45D2-9F26-BBDC8DB809DD}.Debug|Any CPU.ActiveCfg = Debug|Any CPU
		{94F70A01-A083-45D2-9F26-BBDC8DB809DD}.Release|Any CPU.ActiveCfg = Release|Any CPU
		{94F70A01-A083-45D2-9F26-BBDC8DB809DD}.Release|Any CPU.Build.0 = Release|Any CPU
		{FDF08A5F-A800-451E-839D-9F87F80B708A}.Debug|Any CPU.ActiveCfg = Debug|Any CPU
		{FDF08A5F-A800-451E-839D-9F87F80B708A}.Release|Any CPU.ActiveCfg = Release|Any CPU
		{FDF08A5F-A800-451E-839D-9F87F80B708A}.Release|Any CPU.Build.0 = Release|Any CPU
	EndGlobalSection
	GlobalSection(SolutionProperties) = preSolution
		HideSolutionNode = FALSE
	EndGlobalSection
	GlobalSection(NestedProjects) = preSolution
		{9BAC896B-1914-1BD6-4FE9-707DB9DDC2A3} = {827E0CD3-B72D-47B6-A68D-7590B98EB39B}
		{4C14F974-9858-4B9C-A3C1-D6E010D193C5} = {9BAC896B-1914-1BD6-4FE9-707DB9DDC2A3}
		{3654CC6F-5D46-AE39-5C89-C48BC15E25D9} = {827E0CD3-B72D-47B6-A68D-7590B98EB39B}
		{14B5FEA5-F19F-46E1-AFBB-CF1F3710A63B} = {3654CC6F-5D46-AE39-5C89-C48BC15E25D9}
		{08D70ACC-4977-09C9-7E98-C676F65A3327} = {827E0CD3-B72D-47B6-A68D-7590B98EB39B}
		{8B246A7D-9AFB-461C-B90C-4EEDFDCC4F11} = {08D70ACC-4977-09C9-7E98-C676F65A3327}
		{CAE6911E-A85C-6541-4557-679751273D25} = {827E0CD3-B72D-47B6-A68D-7590B98EB39B}
		{84F694F6-DE45-44BF-A5BF-1476827E22C1} = {CAE6911E-A85C-6541-4557-679751273D25}
		{B321E486-10DB-37B5-3469-1E01E6DE360C} = {827E0CD3-B72D-47B6-A68D-7590B98EB39B}
		{94F70A01-A083-45D2-9F26-BBDC8DB809DD} = {B321E486-10DB-37B5-3469-1E01E6DE360C}
		{A2B22F5C-D343-0477-15D6-9E52EE59253F} = {827E0CD3-B72D-47B6-A68D-7590B98EB39B}
		{FDF08A5F-A800-451E-839D-9F87F80B708A} = {A2B22F5C-D343-0477-15D6-9E52EE59253F}
	EndGlobalSection
EndGlobal
